// !$*UTF8*$!
{
	archiveVersion = 1;
	classes = {
	};
	objectVersion = 48;
	objects = {

/* Begin PBXBuildFile section */
		E24013392071D2A40010D31E /* AppDelegate.swift in Sources */ = {isa = PBXBuildFile; fileRef = E24013382071D2A40010D31E /* AppDelegate.swift */; };
		E240133B2071D2A40010D31E /* ViewController.swift in Sources */ = {isa = PBXBuildFile; fileRef = E240133A2071D2A40010D31E /* ViewController.swift */; };
		E240133E2071D2A40010D31E /* Main.storyboard in Resources */ = {isa = PBXBuildFile; fileRef = E240133C2071D2A40010D31E /* Main.storyboard */; };
		E24013412071D2A40010D31E /* Mapkitapp.xcdatamodeld in Sources */ = {isa = PBXBuildFile; fileRef = E240133F2071D2A40010D31E /* Mapkitapp.xcdatamodeld */; };
		E24013432071D2A40010D31E /* Assets.xcassets in Resources */ = {isa = PBXBuildFile; fileRef = E24013422071D2A40010D31E /* Assets.xcassets */; };
		E24013462071D2A40010D31E /* LaunchScreen.storyboard in Resources */ = {isa = PBXBuildFile; fileRef = E24013442071D2A40010D31E /* LaunchScreen.storyboard */; };
		E240134E2072189B0010D31E /* LocationsViewController.swift in Sources */ = {isa = PBXBuildFile; fileRef = E240134D2072189B0010D31E /* LocationsViewController.swift */; };
/* End PBXBuildFile section */

/* Begin PBXFileReference section */
		E24013352071D2A40010D31E /* Mapkitapp.app */ = {isa = PBXFileReference; explicitFileType = wrapper.application; includeInIndex = 0; path = Mapkitapp.app; sourceTree = BUILT_PRODUCTS_DIR; };
		E24013382071D2A40010D31E /* AppDelegate.swift */ = {isa = PBXFileReference; lastKnownFileType = sourcecode.swift; path = AppDelegate.swift; sourceTree = "<group>"; };
		E240133A2071D2A40010D31E /* ViewController.swift */ = {isa = PBXFileReference; lastKnownFileType = sourcecode.swift; path = ViewController.swift; sourceTree = "<group>"; };
		E240133D2071D2A40010D31E /* Base */ = {isa = PBXFileReference; lastKnownFileType = file.storyboard; name = Base; path = Base.lproj/Main.storyboard; sourceTree = "<group>"; };
		E24013402071D2A40010D31E /* Mapkitapp.xcdatamodel */ = {isa = PBXFileReference; lastKnownFileType = wrapper.xcdatamodel; path = Mapkitapp.xcdatamodel; sourceTree = "<group>"; };
		E24013422071D2A40010D31E /* Assets.xcassets */ = {isa = PBXFileReference; lastKnownFileType = folder.assetcatalog; path = Assets.xcassets; sourceTree = "<group>"; };
		E24013452071D2A40010D31E /* Base */ = {isa = PBXFileReference; lastKnownFileType = file.storyboard; name = Base; path = Base.lproj/LaunchScreen.storyboard; sourceTree = "<group>"; };
		E24013472071D2A40010D31E /* Info.plist */ = {isa = PBXFileReference; lastKnownFileType = text.plist.xml; path = Info.plist; sourceTree = "<group>"; };
		E240134D2072189B0010D31E /* LocationsViewController.swift */ = {isa = PBXFileReference; lastKnownFileType = sourcecode.swift; path = LocationsViewController.swift; sourceTree = "<group>"; };
/* End PBXFileReference section */

/* Begin PBXFrameworksBuildPhase section */
		E24013322071D2A40010D31E /* Frameworks */ = {
			isa = PBXFrameworksBuildPhase;
			buildActionMask = 2147483647;
			files = (
			);
			runOnlyForDeploymentPostprocessing = 0;
		};
/* End PBXFrameworksBuildPhase section */

/* Begin PBXGroup section */
		E240132C2071D2A40010D31E = {
			isa = PBXGroup;
			children = (
				E24013372071D2A40010D31E /* Mapkitapp */,
				E24013362071D2A40010D31E /* Products */,
			);
			sourceTree = "<group>";
		};
		E24013362071D2A40010D31E /* Products */ = {
			isa = PBXGroup;
			children = (
				E24013352071D2A40010D31E /* Mapkitapp.app */,
			);
			name = Products;
			sourceTree = "<group>";
		};
		E24013372071D2A40010D31E /* Mapkitapp */ = {
			isa = PBXGroup;
			children = (
				E24013382071D2A40010D31E /* AppDelegate.swift */,
				E240133A2071D2A40010D31E /* ViewController.swift */,
				E240133C2071D2A40010D31E /* Main.storyboard */,
				E240134D2072189B0010D31E /* LocationsViewController.swift */,
				E24013422071D2A40010D31E /* Assets.xcassets */,
				E24013442071D2A40010D31E /* LaunchScreen.storyboard */,
				E24013472071D2A40010D31E /* Info.plist */,
				E240133F2071D2A40010D31E /* Mapkitapp.xcdatamodeld */,
			);
			path = Mapkitapp;
			sourceTree = "<group>";
		};
/* End PBXGroup section */

/* Begin PBXNativeTarget section */
		E24013342071D2A40010D31E /* Mapkitapp */ = {
			isa = PBXNativeTarget;
			buildConfigurationList = E240134A2071D2A40010D31E /* Build configuration list for PBXNativeTarget "Mapkitapp" */;
			buildPhases = (
				E24013312071D2A40010D31E /* Sources */,
				E24013322071D2A40010D31E /* Frameworks */,
				E24013332071D2A40010D31E /* Resources */,
			);
			buildRules = (
			);
			dependencies = (
			);
			name = Mapkitapp;
			productName = Mapkitapp;
			productReference = E24013352071D2A40010D31E /* Mapkitapp.app */;
			productType = "com.apple.product-type.application";
		};
/* End PBXNativeTarget section */

/* Begin PBXProject section */
		E240132D2071D2A40010D31E /* Project object */ = {
			isa = PBXProject;
			attributes = {
				LastSwiftUpdateCheck = 0910;
				LastUpgradeCheck = 0910;
				ORGANIZATIONNAME = Ahmed;
				TargetAttributes = {
					E24013342071D2A40010D31E = {
						CreatedOnToolsVersion = 9.1;
						ProvisioningStyle = Automatic;
					};
				};
			};
			buildConfigurationList = E24013302071D2A40010D31E /* Build configuration list for PBXProject "Mapkitapp" */;
			compatibilityVersion = "Xcode 8.0";
			developmentRegion = en;
			hasScannedForEncodings = 0;
			knownRegions = (
				en,
				Base,
			);
			mainGroup = E240132C2071D2A40010D31E;
			productRefGroup = E24013362071D2A40010D31E /* Products */;
			projectDirPath = "";
			projectRoot = "";
			targets = (
				E24013342071D2A40010D31E /* Mapkitapp */,
			);
		};
/* End PBXProject section */

/* Begin PBXResourcesBuildPhase section */
		E24013332071D2A40010D31E /* Resources */ = {
			isa = PBXResourcesBuildPhase;
			buildActionMask = 2147483647;
			files = (
				E24013462071D2A40010D31E /* LaunchScreen.storyboard in Resources */,
				E24013432071D2A40010D31E /* Assets.xcassets in Resources */,
				E240133E2071D2A40010D31E /* Main.storyboard in Resources */,
			);
			runOnlyForDeploymentPostprocessing = 0;
		};
/* End PBXResourcesBuildPhase section */

/* Begin PBXSourcesBuildPhase section */
		E24013312071D2A40010D31E /* Sources */ = {
			isa = PBXSourcesBuildPhase;
			buildActionMask = 2147483647;
			files = (
				E240133B2071D2A40010D31E /* ViewController.swift in Sources */,
				E24013412071D2A40010D31E /* Mapkitapp.xcdatamodeld in Sources */,
				E24013392071D2A40010D31E /* AppDelegate.swift in Sources */,
				E240134E2072189B0010D31E /* LocationsViewController.swift in Sources */,
			);
			runOnlyForDeploymentPostprocessing = 0;
		};
/* End PBXSourcesBuildPhase section */

/* Begin PBXVariantGroup section */
		E240133C2071D2A40010D31E /* Main.storyboard */ = {
			isa = PBXVariantGroup;
			children = (
				E240133D2071D2A40010D31E /* Base */,
			);
			name = Main.storyboard;
			sourceTree = "<group>";
		};
		E24013442071D2A40010D31E /* LaunchScreen.storyboard */ = {
			isa = PBXVariantGroup;
			children = (
				E24013452071D2A40010D31E /* Base */,
			);
			name = LaunchScreen.storyboard;
			sourceTree = "<group>";
		};
/* End PBXVariantGroup section */

/* Begin XCBuildConfiguration section */
		E24013482071D2A40010D31E /* Debug */ = {
			isa = XCBuildConfiguration;
			buildSettings = {
				ALWAYS_SEARCH_USER_PATHS = NO;
				CLANG_ANALYZER_NONNULL = YES;
				CLANG_ANALYZER_NUMBER_OBJECT_CONVERSION = YES_AGGRESSIVE;
				CLANG_CXX_LANGUAGE_STANDARD = "gnu++14";
				CLANG_CXX_LIBRARY = "libc++";
				CLANG_ENABLE_MODULES = YES;
				CLANG_ENABLE_OBJC_ARC = YES;
				CLANG_WARN_BLOCK_CAPTURE_AUTORELEASING = YES;
				CLANG_WARN_BOOL_CONVERSION = YES;
				CLANG_WARN_COMMA = YES;
				CLANG_WARN_CONSTANT_CONVERSION = YES;
				CLANG_WARN_DIRECT_OBJC_ISA_USAGE = YES_ERROR;
				CLANG_WARN_DOCUMENTATION_COMMENTS = YES;
				CLANG_WARN_EMPTY_BODY = YES;
				CLANG_WARN_ENUM_CONVERSION = YES;
				CLANG_WARN_INFINITE_RECURSION = YES;
				CLANG_WARN_INT_CONVERSION = YES;
				CLANG_WARN_NON_LITERAL_NULL_CONVERSION = YES;
				CLANG_WARN_OBJC_LITERAL_CONVERSION = YES;
				CLANG_WARN_OBJC_ROOT_CLASS = YES_ERROR;
				CLANG_WARN_RANGE_LOOP_ANALYSIS = YES;
				CLANG_WARN_STRICT_PROTOTYPES = YES;
				CLANG_WARN_SUSPICIOUS_MOVE = YES;
				CLANG_WARN_UNGUARDED_AVAILABILITY = YES_AGGRESSIVE;
				CLANG_WARN_UNREACHABLE_CODE = YES;
				CLANG_WARN__DUPLICATE_METHOD_MATCH = YES;
				CODE_SIGN_IDENTITY = "iPhone Developer";
				COPY_PHASE_STRIP = NO;
				DEBUG_INFORMATION_FORMAT = dwarf;
				ENABLE_STRICT_OBJC_MSGSEND = YES;
				ENABLE_TESTABILITY = YES;
				GCC_C_LANGUAGE_STANDARD = gnu11;
				GCC_DYNAMIC_NO_PIC = NO;
				GCC_NO_COMMON_BLOCKS = YES;
				GCC_OPTIMIZATION_LEVEL = 0;
				GCC_PREPROCESSOR_DEFINITIONS = (
					"DEBUG=1",
					"$(inherited)",
				);
				GCC_WARN_64_TO_32_BIT_CONVERSION = YES;
				GCC_WARN_ABOUT_RETURN_TYPE = YES_ERROR;
				GCC_WARN_UNDECLARED_SELECTOR = YES;
				GCC_WARN_UNINITIALIZED_AUTOS = YES_AGGRESSIVE;
				GCC_WARN_UNUSED_FUNCTION = YES;
				GCC_WARN_UNUSED_VARIABLE = YES;
				IPHONEOS_DEPLOYMENT_TARGET = 11.1;
				MTL_ENABLE_DEBUG_INFO = YES;
				ONLY_ACTIVE_ARCH = YES;
				SDKROOT = iphoneos;
				SWIFT_ACTIVE_COMPILATION_CONDITIONS = DEBUG;
				SWIFT_OPTIMIZATION_LEVEL = "-Onone";
			};
			name = Debug;
		};
		E24013492071D2A40010D31E /* Release */ = {
			isa = XCBuildConfiguration;
			buildSettings = {
				ALWAYS_SEARCH_USER_PATHS = NO;
				CLANG_ANALYZER_NONNULL = YES;
				CLANG_ANALYZER_NUMBER_OBJECT_CONVERSION = YES_AGGRESSIVE;
				CLANG_CXX_LANGUAGE_STANDARD = "gnu++14";
				CLANG_CXX_LIBRARY = "libc++";
				CLANG_ENABLE_MODULES = YES;
				CLANG_ENABLE_OBJC_ARC = YES;
				CLANG_WARN_BLOCK_CAPTURE_AUTORELEASING = YES;
				CLANG_WARN_BOOL_CONVERSION = YES;
				CLANG_WARN_COMMA = YES;
				CLANG_WARN_CONSTANT_CONVERSION = YES;
				CLANG_WARN_DIRECT_OBJC_ISA_USAGE = YES_ERROR;
				CLANG_WARN_DOCUMENTATION_COMMENTS = YES;
				CLANG_WARN_EMPTY_BODY = YES;
				CLANG_WARN_ENUM_CONVERSION = YES;
				CLANG_WARN_INFINITE_RECURSION = YES;
				CLANG_WARN_INT_CONVERSION = YES;
				CLANG_WARN_NON_LITERAL_NULL_CONVERSION = YES;
				CLANG_WARN_OBJC_LITERAL_CONVERSION = YES;
				CLANG_WARN_OBJC_ROOT_CLASS = YES_ERROR;
				CLANG_WARN_RANGE_LOOP_ANALYSIS = YES;
				CLANG_WARN_STRICT_PROTOTYPES = YES;
				CLANG_WARN_SUSPICIOUS_MOVE = YES;
				CLANG_WARN_UNGUARDED_AVAILABILITY = YES_AGGRESSIVE;
				CLANG_WARN_UNREACHABLE_CODE = YES;
				CLANG_WARN__DUPLICATE_METHOD_MATCH = YES;
				CODE_SIGN_IDENTITY = "iPhone Developer";
				COPY_PHASE_STRIP = NO;
				DEBUG_INFORMATION_FORMAT = "dwarf-with-dsym";
				ENABLE_NS_ASSERTIONS = NO;
				ENABLE_STRICT_OBJC_MSGSEND = YES;
				GCC_C_LANGUAGE_STANDARD = gnu11;
				GCC_NO_COMMON_BLOCKS = YES;
				GCC_WARN_64_TO_32_BIT_CONVERSION = YES;
				GCC_WARN_ABOUT_RETURN_TYPE = YES_ERROR;
				GCC_WARN_UNDECLARED_SELECTOR = YES;
				GCC_WARN_UNINITIALIZED_AUTOS = YES_AGGRESSIVE;
				GCC_WARN_UNUSED_FUNCTION = YES;
				GCC_WARN_UNUSED_VARIABLE = YES;
				IPHONEOS_DEPLOYMENT_TARGET = 11.1;
				MTL_ENABLE_DEBUG_INFO = NO;
				SDKROOT = iphoneos;
				SWIFT_OPTIMIZATION_LEVEL = "-Owholemodule";
				VALIDATE_PRODUCT = YES;
			};
			name = Release;
		};
		E240134B2071D2A40010D31E /* Debug */ = {
			isa = XCBuildConfiguration;
			buildSettings = {
				ASSETCATALOG_COMPILER_APPICON_NAME = AppIcon;
				CODE_SIGN_STYLE = Automatic;
				INFOPLIST_FILE = Mapkitapp/Info.plist;
				LD_RUNPATH_SEARCH_PATHS = "$(inherited) @executable_path/Frameworks";
				PRODUCT_BUNDLE_IDENTIFIER = hmada.Mapkitapp;
				PRODUCT_NAME = "$(TARGET_NAME)";
				SWIFT_VERSION = 4.0;
				TARGETED_DEVICE_FAMILY = "1,2";
			};
			name = Debug;
		};
		E240134C2071D2A40010D31E /* Release */ = {
			isa = XCBuildConfiguration;
			buildSettings = {
				ASSETCATALOG_COMPILER_APPICON_NAME = AppIcon;
				CODE_SIGN_STYLE = Automatic;
				INFOPLIST_FILE = Mapkitapp/Info.plist;
				LD_RUNPATH_SEARCH_PATHS = "$(inherited) @executable_path/Frameworks";
				PRODUCT_BUNDLE_IDENTIFIER = hmada.Mapkitapp;
				PRODUCT_NAME = "$(TARGET_NAME)";
				SWIFT_VERSION = 4.0;
				TARGETED_DEVICE_FAMILY = "1,2";
			};
			name = Release;
		};
/* End XCBuildConfiguration section */

/* Begin XCConfigurationList section */
		E24013302071D2A40010D31E /* Build configuration list for PBXProject "Mapkitapp" */ = {
			isa = XCConfigurationList;
			buildConfigurations = (
				E24013482071D2A40010D31E /* Debug */,
				E24013492071D2A40010D31E /* Release */,
			);
			defaultConfigurationIsVisible = 0;
			defaultConfigurationName = Release;
		};
		E240134A2071D2A40010D31E /* Build configuration list for PBXNativeTarget "Mapkitapp" */ = {
			isa = XCConfigurationList;
			buildConfigurations = (
				E240134B2071D2A40010D31E /* Debug */,
				E240134C2071D2A40010D31E /* Release */,
			);
			defaultConfigurationIsVisible = 0;
			defaultConfigurationName = Release;
		};
/* End XCConfigurationList section */

/* Begin XCVersionGroup section */
		E240133F2071D2A40010D31E /* Mapkitapp.xcdatamodeld */ = {
			isa = XCVersionGroup;
			children = (
				E24013402071D2A40010D31E /* Mapkitapp.xcdatamodel */,
			);
			currentVersion = E24013402071D2A40010D31E /* Mapkitapp.xcdatamodel */;
			path = Mapkitapp.xcdatamodeld;
			sourceTree = "<group>";
			versionGroupType = wrapper.xcdatamodel;
		};
/* End XCVersionGroup section */
	};
	rootObject = E240132D2071D2A40010D31E /* Project object */;
}
